
Microsoft Visual Studio Solution File, Format Version 12.00
# Visual Studio Version 17
VisualStudioVersion = 17.4.33213.308
MinimumVisualStudioVersion = 10.0.40219.1
Project("{9A19103F-16F7-4668-BE54-9A1E7A4F7556}") = "Banco", "Banco\Banco.csproj", "{A719B1BD-5A17-40D5-8B71-5D031504CF41}"
EndProject
Project("{9A19103F-16F7-4668-BE54-9A1E7A4F7556}") = "TestNUnit", "TestNUnit\TestNUnit.csproj", "{2EC71576-53CF-45B8-8C7F-EC26BF124801}"
EndProject
Project("{FAE04EC0-301F-11D3-BF4B-00C04F79EFBC}") = "TestBanco.Mock", "TestBanco.Mock\TestBanco.Mock.csproj", "{CC746A44-41EB-4952-A248-41365D8E553D}"
EndProject
Project("{2150E333-8FDC-42A3-9474-1A3956D46DE8}") = "Preço", "Preço", "{D7DEF596-84AA-4AE5-85F6-147A00C7E9AA}"
EndProject
Project("{FAE04EC0-301F-11D3-BF4B-00C04F79EFBC}") = "Preços", "Preços\Preços.csproj", "{5243E270-6C01-46DE-A20B-30F7A138DCF5}"
EndProject
Project("{2150E333-8FDC-42A3-9474-1A3956D46DE8}") = "Bank", "Bank", "{25BABBCB-3D82-4892-A7FB-6F32B396CC34}"
EndProject
Project("{FAE04EC0-301F-11D3-BF4B-00C04F79EFBC}") = "TestesProduto", "TestesProduto\TestesProduto.csproj", "{A8FA80DB-1D26-40A0-BF9E-B27F3EF08637}"
EndProject
Global
	GlobalSection(SolutionConfigurationPlatforms) = preSolution
		Debug|Any CPU = Debug|Any CPU
		Release|Any CPU = Release|Any CPU
	EndGlobalSection
	GlobalSection(ProjectConfigurationPlatforms) = postSolution
		{A719B1BD-5A17-40D5-8B71-5D031504CF41}.Debug|Any CPU.ActiveCfg = Debug|Any CPU
		{A719B1BD-5A17-40D5-8B71-5D031504CF41}.Debug|Any CPU.Build.0 = Debug|Any CPU
		{A719B1BD-5A17-40D5-8B71-5D031504CF41}.Release|Any CPU.ActiveCfg = Release|Any CPU
		{A719B1BD-5A17-40D5-8B71-5D031504CF41}.Release|Any CPU.Build.0 = Release|Any CPU
		{2EC71576-53CF-45B8-8C7F-EC26BF124801}.Debug|Any CPU.ActiveCfg = Debug|Any CPU
		{2EC71576-53CF-45B8-8C7F-EC26BF124801}.Debug|Any CPU.Build.0 = Debug|Any CPU
		{2EC71576-53CF-45B8-8C7F-EC26BF124801}.Release|Any CPU.ActiveCfg = Release|Any CPU
		{2EC71576-53CF-45B8-8C7F-EC26BF124801}.Release|Any CPU.Build.0 = Release|Any CPU
		{CC746A44-41EB-4952-A248-41365D8E553D}.Debug|Any CPU.ActiveCfg = Debug|Any CPU
		{CC746A44-41EB-4952-A248-41365D8E553D}.Debug|Any CPU.Build.0 = Debug|Any CPU
		{CC746A44-41EB-4952-A248-41365D8E553D}.Release|Any CPU.ActiveCfg = Release|Any CPU
		{CC746A44-41EB-4952-A248-41365D8E553D}.Release|Any CPU.Build.0 = Release|Any CPU
		{5243E270-6C01-46DE-A20B-30F7A138DCF5}.Debug|Any CPU.ActiveCfg = Debug|Any CPU
		{5243E270-6C01-46DE-A20B-30F7A138DCF5}.Debug|Any CPU.Build.0 = Debug|Any CPU
		{5243E270-6C01-46DE-A20B-30F7A138DCF5}.Release|Any CPU.ActiveCfg = Release|Any CPU
		{5243E270-6C01-46DE-A20B-30F7A138DCF5}.Release|Any CPU.Build.0 = Release|Any CPU
		{A8FA80DB-1D26-40A0-BF9E-B27F3EF08637}.Debug|Any CPU.ActiveCfg = Debug|Any CPU
		{A8FA80DB-1D26-40A0-BF9E-B27F3EF08637}.Debug|Any CPU.Build.0 = Debug|Any CPU
		{A8FA80DB-1D26-40A0-BF9E-B27F3EF08637}.Release|Any CPU.ActiveCfg = Release|Any CPU
		{A8FA80DB-1D26-40A0-BF9E-B27F3EF08637}.Release|Any CPU.Build.0 = Release|Any CPU
	EndGlobalSection
	GlobalSection(SolutionProperties) = preSolution
		HideSolutionNode = FALSE
	EndGlobalSection
	GlobalSection(NestedProjects) = preSolution
		{A719B1BD-5A17-40D5-8B71-5D031504CF41} = {25BABBCB-3D82-4892-A7FB-6F32B396CC34}
		{2EC71576-53CF-45B8-8C7F-EC26BF124801} = {25BABBCB-3D82-4892-A7FB-6F32B396CC34}
		{CC746A44-41EB-4952-A248-41365D8E553D} = {25BABBCB-3D82-4892-A7FB-6F32B396CC34}
		{5243E270-6C01-46DE-A20B-30F7A138DCF5} = {D7DEF596-84AA-4AE5-85F6-147A00C7E9AA}
		{A8FA80DB-1D26-40A0-BF9E-B27F3EF08637} = {D7DEF596-84AA-4AE5-85F6-147A00C7E9AA}
	EndGlobalSection
	GlobalSection(ExtensibilityGlobals) = postSolution
		SolutionGuid = {1618DAE0-DBCD-4240-93B1-E5C77EB11FD4}
	EndGlobalSection
EndGlobal
